<Solution>
  <Folder Name="/src/">
    <Project Path="src/DotnetNativeMcp.Core/DotnetNativeMcp.Core.csproj" />
    <Project Path="src/DotnetNativeMcp.Server/DotnetNativeMcp.Server.csproj" />
  </Folder>
  <Folder Name="/tests/">
    <Project Path="tests/DotnetNativeMcp.Core.Tests/DotnetNativeMcp.Core.Tests.csproj" />
    <Project Path="tests/DotnetNativeMcp.Server.Tests/DotnetNativeMcp.Server.Tests.csproj" />
  </Folder>
</Solution>
